<Solution>
  <Folder Name="/ci/">
    <File Path="build.fsx" />
  </Folder>
  <Project Path="src/Partas.TypeProvider.Runtime/Partas.TypeProvider.Runtime.fsproj" />
  <Project Path="src/Partas.TypeProvider/Partas.TypeProvider.fsproj" />
  <Project Path="tests/Partas.TypeProvider.Tests/Partas.TypeProvider.Tests.fsproj" />
</Solution>
